
Microsoft Visual Studio Solution File, Format Version 12.00
# Visual Studio Version 16
VisualStudioVersion = 16.0.30907.101
MinimumVisualStudioVersion = 10.0.40219.1
Project("{9A19103F-16F7-4668-BE54-9A1E7A4F7556}") = "DataAccess", "DataAccess\DataAccess.csproj", "{1EC43820-DF01-4074-890F-BFD7C8F0FAEE}"
EndProject
Project("{9A19103F-16F7-4668-BE54-9A1E7A4F7556}") = "Business", "Business\Business.csproj", "{06798CC7-5EF1-4E63-98D6-865736832C54}"
EndProject
Project("{9A19103F-16F7-4668-BE54-9A1E7A4F7556}") = "Entities", "Entities\Entities.csproj", "{869107BA-D23B-4596-9B8F-A0EEA593BA7C}"
EndProject
Project("{FAE04EC0-301F-11D3-BF4B-00C04F79EFBC}") = "ConsoleUII", "ConsoleUII\ConsoleUII.csproj", "{95BAC12F-EB3E-4CF4-85F6-1FF88852A298}"
EndProject
Global
	GlobalSection(SolutionConfigurationPlatforms) = preSolution
		Debug|Any CPU = Debug|Any CPU
		Release|Any CPU = Release|Any CPU
	EndGlobalSection
	GlobalSection(ProjectConfigurationPlatforms) = postSolution
		{1EC43820-DF01-4074-890F-BFD7C8F0FAEE}.Debug|Any CPU.ActiveCfg = Debug|Any CPU
		{1EC43820-DF01-4074-890F-BFD7C8F0FAEE}.Debug|Any CPU.Build.0 = Debug|Any CPU
		{1EC43820-DF01-4074-890F-BFD7C8F0FAEE}.Release|Any CPU.ActiveCfg = Release|Any CPU
		{1EC43820-DF01-4074-890F-BFD7C8F0FAEE}.Release|Any CPU.Build.0 = Release|Any CPU
		{06798CC7-5EF1-4E63-98D6-865736832C54}.Debug|Any CPU.ActiveCfg = Debug|Any CPU
		{06798CC7-5EF1-4E63-98D6-865736832C54}.Debug|Any CPU.Build.0 = Debug|Any CPU
		{06798CC7-5EF1-4E63-98D6-865736832C54}.Release|Any CPU.ActiveCfg = Release|Any CPU
		{06798CC7-5EF1-4E63-98D6-865736832C54}.Release|Any CPU.Build.0 = Release|Any CPU
		{869107BA-D23B-4596-9B8F-A0EEA593BA7C}.Debug|Any CPU.ActiveCfg = Debug|Any CPU
		{869107BA-D23B-4596-9B8F-A0EEA593BA7C}.Debug|Any CPU.Build.0 = Debug|Any CPU
		{869107BA-D23B-4596-9B8F-A0EEA593BA7C}.Release|Any CPU.ActiveCfg = Release|Any CPU
		{869107BA-D23B-4596-9B8F-A0EEA593BA7C}.Release|Any CPU.Build.0 = Release|Any CPU
		{95BAC12F-EB3E-4CF4-85F6-1FF88852A298}.Debug|Any CPU.ActiveCfg = Debug|Any CPU
		{95BAC12F-EB3E-4CF4-85F6-1FF88852A298}.Debug|Any CPU.Build.0 = Debug|Any CPU
		{95BAC12F-EB3E-4CF4-85F6-1FF88852A298}.Release|Any CPU.ActiveCfg = Release|Any CPU
		{95BAC12F-EB3E-4CF4-85F6-1FF88852A298}.Release|Any CPU.Build.0 = Release|Any CPU
	EndGlobalSection
	GlobalSection(SolutionProperties) = preSolution
		HideSolutionNode = FALSE
	EndGlobalSection
	GlobalSection(ExtensibilityGlobals) = postSolution
		SolutionGuid = {91184A17-DA46-4C2C-9B54-2D38454C4325}
	EndGlobalSection
EndGlobal
